
Microsoft Visual Studio Solution File, Format Version 12.00
# Visual Studio Version 16
VisualStudioVersion = 16.0.32106.194
MinimumVisualStudioVersion = 10.0.40219.1
Project("{9A19103F-16F7-4668-BE54-9A1E7A4F7556}") = "Matrix", "Matrix.csproj", "{89BB4E7A-0149-465F-B6B5-95FE9595523B}"
EndProject
Global
	GlobalSection(SolutionConfigurationPlatforms) = preSolution
		Debug|Any CPU = Debug|Any CPU
		Release|Any CPU = Release|Any CPU
	EndGlobalSection
	GlobalSection(ProjectConfigurationPlatforms) = postSolution
		{89BB4E7A-0149-465F-B6B5-95FE9595523B}.Debug|Any CPU.ActiveCfg = Debug|Any CPU
		{89BB4E7A-0149-465F-B6B5-95FE9595523B}.Debug|Any CPU.Build.0 = Debug|Any CPU
		{89BB4E7A-0149-465F-B6B5-95FE9595523B}.Release|Any CPU.ActiveCfg = Release|Any CPU
		{89BB4E7A-0149-465F-B6B5-95FE9595523B}.Release|Any CPU.Build.0 = Release|Any CPU
	EndGlobalSection
	GlobalSection(SolutionProperties) = preSolution
		HideSolutionNode = FALSE
	EndGlobalSection
	GlobalSection(ExtensibilityGlobals) = postSolution
		SolutionGuid = {77D609EB-877F-4CBB-96A2-6100F7E7EAD8}
	EndGlobalSection
EndGlobal
